
Microsoft Visual Studio Solution File, Format Version 12.00
# Visual Studio Version 16
VisualStudioVersion = 16.0.30128.74
MinimumVisualStudioVersion = 10.0.40219.1
Project("{FAE04EC0-301F-11D3-BF4B-00C04F79EFBC}") = "WebChat", "WebChat\WebChat.csproj", "{4C19FDBE-7D80-4F16-8662-307356E9B63F}"
EndProject
Global
	GlobalSection(SolutionConfigurationPlatforms) = preSolution
		Debug|Any CPU = Debug|Any CPU
		Release|Any CPU = Release|Any CPU
	EndGlobalSection
	GlobalSection(ProjectConfigurationPlatforms) = postSolution
		{4C19FDBE-7D80-4F16-8662-307356E9B63F}.Debug|Any CPU.ActiveCfg = Debug|Any CPU
		{4C19FDBE-7D80-4F16-8662-307356E9B63F}.Debug|Any CPU.Build.0 = Debug|Any CPU
		{4C19FDBE-7D80-4F16-8662-307356E9B63F}.Release|Any CPU.ActiveCfg = Release|Any CPU
		{4C19FDBE-7D80-4F16-8662-307356E9B63F}.Release|Any CPU.Build.0 = Release|Any CPU
	EndGlobalSection
	GlobalSection(SolutionProperties) = preSolution
		HideSolutionNode = FALSE
	EndGlobalSection
	GlobalSection(ExtensibilityGlobals) = postSolution
		SolutionGuid = {AB704642-F4C5-48E2-BEC0-7A31F05A3DE7}
	EndGlobalSection
EndGlobal
